
Microsoft Visual Studio Solution File, Format Version 12.00
# Visual Studio 15
VisualStudioVersion = 15.0.27703.2018
MinimumVisualStudioVersion = 10.0.40219.1
Project("{9A19103F-16F7-4668-BE54-9A1E7A4F7556}") = "03.ZigZag", "03.ZigZag\03.ZigZag.csproj", "{D4854047-B5D4-4951-B24C-5F60292DDA24}"
EndProject
Project("{9A19103F-16F7-4668-BE54-9A1E7A4F7556}") = "04.ArrayRotations", "04.ArrayRotations\04.ArrayRotations.csproj", "{DE4CAFB5-9A17-418E-B34E-F385BE87AB6D}"
EndProject
Project("{9A19103F-16F7-4668-BE54-9A1E7A4F7556}") = "05.TopIntegers", "05.TopIntegers\05.TopIntegers.csproj", "{77E80433-232D-492D-AD5A-6FE71F3992E2}"
EndProject
Project("{9A19103F-16F7-4668-BE54-9A1E7A4F7556}") = "06.EqualSums", "06.EqualSums\06.EqualSums.csproj", "{C9295D9F-DD33-40CE-824F-0668968ABD14}"
EndProject
Project("{9A19103F-16F7-4668-BE54-9A1E7A4F7556}") = "07.MaxSequenceOfEqualElements", "07.MaxSequenceOfEqualElements\07.MaxSequenceOfEqualElements.csproj", "{1AF7B26A-3220-42D1-99A3-06680E7BA9A6}"
EndProject
Project("{9A19103F-16F7-4668-BE54-9A1E7A4F7556}") = "08.MagicSum", "08.MagicSum\08.MagicSum.csproj", "{CBB09092-AADE-4C42-85FE-0D54C5664779}"
EndProject
Project("{FAE04EC0-301F-11D3-BF4B-00C04F79EFBC}") = "01.Train", "01.Train\01.Train.csproj", "{A375332B-747C-4E6D-B351-C75EBD9D14B8}"
EndProject
Project("{FAE04EC0-301F-11D3-BF4B-00C04F79EFBC}") = "02.CommonElements", "02.CommonElements\02.CommonElements.csproj", "{8DDFF8E8-5032-4D76-A4DB-B73F8334D9D3}"
EndProject
Global
	GlobalSection(SolutionConfigurationPlatforms) = preSolution
		Debug|Any CPU = Debug|Any CPU
		Release|Any CPU = Release|Any CPU
	EndGlobalSection
	GlobalSection(ProjectConfigurationPlatforms) = postSolution
		{D4854047-B5D4-4951-B24C-5F60292DDA24}.Debug|Any CPU.ActiveCfg = Debug|Any CPU
		{D4854047-B5D4-4951-B24C-5F60292DDA24}.Debug|Any CPU.Build.0 = Debug|Any CPU
		{D4854047-B5D4-4951-B24C-5F60292DDA24}.Release|Any CPU.ActiveCfg = Release|Any CPU
		{D4854047-B5D4-4951-B24C-5F60292DDA24}.Release|Any CPU.Build.0 = Release|Any CPU
		{DE4CAFB5-9A17-418E-B34E-F385BE87AB6D}.Debug|Any CPU.ActiveCfg = Debug|Any CPU
		{DE4CAFB5-9A17-418E-B34E-F385BE87AB6D}.Debug|Any CPU.Build.0 = Debug|Any CPU
		{DE4CAFB5-9A17-418E-B34E-F385BE87AB6D}.Release|Any CPU.ActiveCfg = Release|Any CPU
		{DE4CAFB5-9A17-418E-B34E-F385BE87AB6D}.Release|Any CPU.Build.0 = Release|Any CPU
		{77E80433-232D-492D-AD5A-6FE71F3992E2}.Debug|Any CPU.ActiveCfg = Debug|Any CPU
		{77E80433-232D-492D-AD5A-6FE71F3992E2}.Debug|Any CPU.Build.0 = Debug|Any CPU
		{77E80433-232D-492D-AD5A-6FE71F3992E2}.Release|Any CPU.ActiveCfg = Release|Any CPU
		{77E80433-232D-492D-AD5A-6FE71F3992E2}.Release|Any CPU.Build.0 = Release|Any CPU
		{C9295D9F-DD33-40CE-824F-0668968ABD14}.Debug|Any CPU.ActiveCfg = Debug|Any CPU
		{C9295D9F-DD33-40CE-824F-0668968ABD14}.Debug|Any CPU.Build.0 = Debug|Any CPU
		{C9295D9F-DD33-40CE-824F-0668968ABD14}.Release|Any CPU.ActiveCfg = Release|Any CPU
		{C9295D9F-DD33-40CE-824F-0668968ABD14}.Release|Any CPU.Build.0 = Release|Any CPU
		{1AF7B26A-3220-42D1-99A3-06680E7BA9A6}.Debug|Any CPU.ActiveCfg = Debug|Any CPU
		{1AF7B26A-3220-42D1-99A3-06680E7BA9A6}.Debug|Any CPU.Build.0 = Debug|Any CPU
		{1AF7B26A-3220-42D1-99A3-06680E7BA9A6}.Release|Any CPU.ActiveCfg = Release|Any CPU
		{1AF7B26A-3220-42D1-99A3-06680E7BA9A6}.Release|Any CPU.Build.0 = Release|Any CPU
		{CBB09092-AADE-4C42-85FE-0D54C5664779}.Debug|Any CPU.ActiveCfg = Debug|Any CPU
		{CBB09092-AADE-4C42-85FE-0D54C5664779}.Debug|Any CPU.Build.0 = Debug|Any CPU
		{CBB09092-AADE-4C42-85FE-0D54C5664779}.Release|Any CPU.ActiveCfg = Release|Any CPU
		{CBB09092-AADE-4C42-85FE-0D54C5664779}.Release|Any CPU.Build.0 = Release|Any CPU
		{A375332B-747C-4E6D-B351-C75EBD9D14B8}.Debug|Any CPU.ActiveCfg = Debug|Any CPU
		{A375332B-747C-4E6D-B351-C75EBD9D14B8}.Debug|Any CPU.Build.0 = Debug|Any CPU
		{A375332B-747C-4E6D-B351-C75EBD9D14B8}.Release|Any CPU.ActiveCfg = Release|Any CPU
		{A375332B-747C-4E6D-B351-C75EBD9D14B8}.Release|Any CPU.Build.0 = Release|Any CPU
		{8DDFF8E8-5032-4D76-A4DB-B73F8334D9D3}.Debug|Any CPU.ActiveCfg = Debug|Any CPU
		{8DDFF8E8-5032-4D76-A4DB-B73F8334D9D3}.Debug|Any CPU.Build.0 = Debug|Any CPU
		{8DDFF8E8-5032-4D76-A4DB-B73F8334D9D3}.Release|Any CPU.ActiveCfg = Release|Any CPU
		{8DDFF8E8-5032-4D76-A4DB-B73F8334D9D3}.Release|Any CPU.Build.0 = Release|Any CPU
	EndGlobalSection
	GlobalSection(SolutionProperties) = preSolution
		HideSolutionNode = FALSE
	EndGlobalSection
	GlobalSection(ExtensibilityGlobals) = postSolution
		SolutionGuid = {699763F0-A8BD-4C7F-A9CA-BAA12CCEF891}
	EndGlobalSection
EndGlobal
