
Microsoft Visual Studio Solution File, Format Version 12.00
# Visual Studio 15
VisualStudioVersion = 15.0.27703.2018
MinimumVisualStudioVersion = 10.0.40219.1
Project("{9A19103F-16F7-4668-BE54-9A1E7A4F7556}") = "ChristmasSpirit", "ChristmasSpirit\ChristmasSpirit.csproj", "{0B195374-CCF4-4C25-8AF2-98CF305F8192}"
EndProject
Project("{9A19103F-16F7-4668-BE54-9A1E7A4F7556}") = "02.SantasList", "02.SantasList\02.SantasList.csproj", "{0C16C25D-86F4-4FCD-95A1-7D12DA870EE8}"
EndProject
Project("{9A19103F-16F7-4668-BE54-9A1E7A4F7556}") = "03.PresentDelivery", "03.PresentDelivery\03.PresentDelivery.csproj", "{5BEC21B2-D0BA-4988-8AC3-27CC3556554E}"
EndProject
Project("{FAE04EC0-301F-11D3-BF4B-00C04F79EFBC}") = "04.TestForm", "04.TestForm\04.TestForm.csproj", "{B4DAA3C6-6762-45E8-A071-FC5E940C037E}"
EndProject
Global
	GlobalSection(SolutionConfigurationPlatforms) = preSolution
		Debug|Any CPU = Debug|Any CPU
		Release|Any CPU = Release|Any CPU
	EndGlobalSection
	GlobalSection(ProjectConfigurationPlatforms) = postSolution
		{0B195374-CCF4-4C25-8AF2-98CF305F8192}.Debug|Any CPU.ActiveCfg = Debug|Any CPU
		{0B195374-CCF4-4C25-8AF2-98CF305F8192}.Debug|Any CPU.Build.0 = Debug|Any CPU
		{0B195374-CCF4-4C25-8AF2-98CF305F8192}.Release|Any CPU.ActiveCfg = Release|Any CPU
		{0B195374-CCF4-4C25-8AF2-98CF305F8192}.Release|Any CPU.Build.0 = Release|Any CPU
		{0C16C25D-86F4-4FCD-95A1-7D12DA870EE8}.Debug|Any CPU.ActiveCfg = Debug|Any CPU
		{0C16C25D-86F4-4FCD-95A1-7D12DA870EE8}.Debug|Any CPU.Build.0 = Debug|Any CPU
		{0C16C25D-86F4-4FCD-95A1-7D12DA870EE8}.Release|Any CPU.ActiveCfg = Release|Any CPU
		{0C16C25D-86F4-4FCD-95A1-7D12DA870EE8}.Release|Any CPU.Build.0 = Release|Any CPU
		{5BEC21B2-D0BA-4988-8AC3-27CC3556554E}.Debug|Any CPU.ActiveCfg = Debug|Any CPU
		{5BEC21B2-D0BA-4988-8AC3-27CC3556554E}.Debug|Any CPU.Build.0 = Debug|Any CPU
		{5BEC21B2-D0BA-4988-8AC3-27CC3556554E}.Release|Any CPU.ActiveCfg = Release|Any CPU
		{5BEC21B2-D0BA-4988-8AC3-27CC3556554E}.Release|Any CPU.Build.0 = Release|Any CPU
		{B4DAA3C6-6762-45E8-A071-FC5E940C037E}.Debug|Any CPU.ActiveCfg = Debug|Any CPU
		{B4DAA3C6-6762-45E8-A071-FC5E940C037E}.Debug|Any CPU.Build.0 = Debug|Any CPU
		{B4DAA3C6-6762-45E8-A071-FC5E940C037E}.Release|Any CPU.ActiveCfg = Release|Any CPU
		{B4DAA3C6-6762-45E8-A071-FC5E940C037E}.Release|Any CPU.Build.0 = Release|Any CPU
	EndGlobalSection
	GlobalSection(SolutionProperties) = preSolution
		HideSolutionNode = FALSE
	EndGlobalSection
	GlobalSection(ExtensibilityGlobals) = postSolution
		SolutionGuid = {890E6350-DDED-43A8-BC89-E3C4C76E3DB8}
	EndGlobalSection
EndGlobal
