
Microsoft Visual Studio Solution File, Format Version 12.00
# Visual Studio 15
VisualStudioVersion = 15.0.27703.2018
MinimumVisualStudioVersion = 10.0.40219.1
Project("{9A19103F-16F7-4668-BE54-9A1E7A4F7556}") = "01.CountRealNumbers", "01.CountRealNumbers\01.CountRealNumbers.csproj", "{4E9C2B6B-9EFD-4228-AF1A-4B0545AA3016}"
EndProject
Project("{9A19103F-16F7-4668-BE54-9A1E7A4F7556}") = "02.OddOccurrences", "02.OddOccurrences\02.OddOccurrences.csproj", "{D730D861-DFB6-4625-BA04-10EDDDEB7C08}"
EndProject
Project("{9A19103F-16F7-4668-BE54-9A1E7A4F7556}") = "03.WordSynonyms", "03.WordSynonyms\03.WordSynonyms.csproj", "{F69AEC0E-DC55-43D7-A6AA-E42084BB126E}"
EndProject
Project("{FAE04EC0-301F-11D3-BF4B-00C04F79EFBC}") = "04.Largest3Numbers", "04.Largest3Numbers\04.Largest3Numbers.csproj", "{A9FE71CC-DDDA-4205-AFBC-4D49393E0114}"
EndProject
Project("{FAE04EC0-301F-11D3-BF4B-00C04F79EFBC}") = "05.WordFilther", "05.WordFilther\05.WordFilther.csproj", "{853DCA56-B4FD-42AB-A9A1-5EFF9A08BB0A}"
EndProject
Global
	GlobalSection(SolutionConfigurationPlatforms) = preSolution
		Debug|Any CPU = Debug|Any CPU
		Release|Any CPU = Release|Any CPU
	EndGlobalSection
	GlobalSection(ProjectConfigurationPlatforms) = postSolution
		{4E9C2B6B-9EFD-4228-AF1A-4B0545AA3016}.Debug|Any CPU.ActiveCfg = Debug|Any CPU
		{4E9C2B6B-9EFD-4228-AF1A-4B0545AA3016}.Debug|Any CPU.Build.0 = Debug|Any CPU
		{4E9C2B6B-9EFD-4228-AF1A-4B0545AA3016}.Release|Any CPU.ActiveCfg = Release|Any CPU
		{4E9C2B6B-9EFD-4228-AF1A-4B0545AA3016}.Release|Any CPU.Build.0 = Release|Any CPU
		{D730D861-DFB6-4625-BA04-10EDDDEB7C08}.Debug|Any CPU.ActiveCfg = Debug|Any CPU
		{D730D861-DFB6-4625-BA04-10EDDDEB7C08}.Debug|Any CPU.Build.0 = Debug|Any CPU
		{D730D861-DFB6-4625-BA04-10EDDDEB7C08}.Release|Any CPU.ActiveCfg = Release|Any CPU
		{D730D861-DFB6-4625-BA04-10EDDDEB7C08}.Release|Any CPU.Build.0 = Release|Any CPU
		{F69AEC0E-DC55-43D7-A6AA-E42084BB126E}.Debug|Any CPU.ActiveCfg = Debug|Any CPU
		{F69AEC0E-DC55-43D7-A6AA-E42084BB126E}.Debug|Any CPU.Build.0 = Debug|Any CPU
		{F69AEC0E-DC55-43D7-A6AA-E42084BB126E}.Release|Any CPU.ActiveCfg = Release|Any CPU
		{F69AEC0E-DC55-43D7-A6AA-E42084BB126E}.Release|Any CPU.Build.0 = Release|Any CPU
		{A9FE71CC-DDDA-4205-AFBC-4D49393E0114}.Debug|Any CPU.ActiveCfg = Debug|Any CPU
		{A9FE71CC-DDDA-4205-AFBC-4D49393E0114}.Debug|Any CPU.Build.0 = Debug|Any CPU
		{A9FE71CC-DDDA-4205-AFBC-4D49393E0114}.Release|Any CPU.ActiveCfg = Release|Any CPU
		{A9FE71CC-DDDA-4205-AFBC-4D49393E0114}.Release|Any CPU.Build.0 = Release|Any CPU
		{853DCA56-B4FD-42AB-A9A1-5EFF9A08BB0A}.Debug|Any CPU.ActiveCfg = Debug|Any CPU
		{853DCA56-B4FD-42AB-A9A1-5EFF9A08BB0A}.Debug|Any CPU.Build.0 = Debug|Any CPU
		{853DCA56-B4FD-42AB-A9A1-5EFF9A08BB0A}.Release|Any CPU.ActiveCfg = Release|Any CPU
		{853DCA56-B4FD-42AB-A9A1-5EFF9A08BB0A}.Release|Any CPU.Build.0 = Release|Any CPU
	EndGlobalSection
	GlobalSection(SolutionProperties) = preSolution
		HideSolutionNode = FALSE
	EndGlobalSection
	GlobalSection(ExtensibilityGlobals) = postSolution
		SolutionGuid = {3FDED1C8-C918-40CC-A001-B773585B7635}
	EndGlobalSection
EndGlobal
